
Microsoft Visual Studio Solution File, Format Version 12.00
# Visual Studio Version 17
VisualStudioVersion = 17.0.32014.148
MinimumVisualStudioVersion = 10.0.40219.1
Project("{9A19103F-16F7-4668-BE54-9A1E7A4F7556}") = "CustomerSettingAPI", "CustomerSettingAPI\CustomerSettingAPI.csproj", "{1BE13D66-8651-42CA-9205-AE87A43A3D3C}"
EndProject
Project("{FAE04EC0-301F-11D3-BF4B-00C04F79EFBC}") = "CustomerSettingBlazor", "CustomerSettingBlazor\CustomerSettingBlazor.csproj", "{796D8003-50A4-414C-BB85-DAA2BFA79BBF}"
EndProject
Global
	GlobalSection(SolutionConfigurationPlatforms) = preSolution
		Debug|Any CPU = Debug|Any CPU
		Release|Any CPU = Release|Any CPU
	EndGlobalSection
	GlobalSection(ProjectConfigurationPlatforms) = postSolution
		{1BE13D66-8651-42CA-9205-AE87A43A3D3C}.Debug|Any CPU.ActiveCfg = Debug|Any CPU
		{1BE13D66-8651-42CA-9205-AE87A43A3D3C}.Debug|Any CPU.Build.0 = Debug|Any CPU
		{1BE13D66-8651-42CA-9205-AE87A43A3D3C}.Release|Any CPU.ActiveCfg = Release|Any CPU
		{1BE13D66-8651-42CA-9205-AE87A43A3D3C}.Release|Any CPU.Build.0 = Release|Any CPU
		{796D8003-50A4-414C-BB85-DAA2BFA79BBF}.Debug|Any CPU.ActiveCfg = Debug|Any CPU
		{796D8003-50A4-414C-BB85-DAA2BFA79BBF}.Debug|Any CPU.Build.0 = Debug|Any CPU
		{796D8003-50A4-414C-BB85-DAA2BFA79BBF}.Release|Any CPU.ActiveCfg = Release|Any CPU
		{796D8003-50A4-414C-BB85-DAA2BFA79BBF}.Release|Any CPU.Build.0 = Release|Any CPU
	EndGlobalSection
	GlobalSection(SolutionProperties) = preSolution
		HideSolutionNode = FALSE
	EndGlobalSection
	GlobalSection(ExtensibilityGlobals) = postSolution
		SolutionGuid = {F72E7C35-5C93-4FDB-822B-24C056384912}
	EndGlobalSection
EndGlobal
